
Microsoft Visual Studio Solution File, Format Version 12.00
# Visual Studio Version 17
VisualStudioVersion = 17.12.35527.113
MinimumVisualStudioVersion = 10.0.40219.1
Project("{FAE04EC0-301F-11D3-BF4B-00C04F79EFBC}") = "CMLauncher", "src\CMLauncher\CMLauncher.csproj", "{A0218198-B6A0-441A-94BC-36530941AE5A}"
EndProject
Project("{2150E333-8FDC-42A3-9474-1A3956D46DE8}") = "src", "src", "{D49FE27D-26D4-4889-9EE3-0CE1B35DD496}"
EndProject
Project("{2150E333-8FDC-42A3-9474-1A3956D46DE8}") = "scripts", "scripts", "{02EA681E-C7D8-13C7-8484-4AC65E1B71E8}"
	ProjectSection(SolutionItems) = preProject
		scripts\generate-manifest.ps1 = scripts\generate-manifest.ps1
		scripts\zip-publish.ps1 = scripts\zip-publish.ps1
	EndProjectSection
EndProject
Project("{2150E333-8FDC-42A3-9474-1A3956D46DE8}") = "git", "git", "{8EC462FD-D22E-90A8-E5CE-7E832BA40C5D}"
	ProjectSection(SolutionItems) = preProject
		.gitattributes = .gitattributes
		.gitignore = .gitignore
	EndProjectSection
EndProject
Global
	GlobalSection(SolutionConfigurationPlatforms) = preSolution
		Debug|Any CPU = Debug|Any CPU
		Release|Any CPU = Release|Any CPU
	EndGlobalSection
	GlobalSection(ProjectConfigurationPlatforms) = postSolution
		{A0218198-B6A0-441A-94BC-36530941AE5A}.Debug|Any CPU.ActiveCfg = Debug|Any CPU
		{A0218198-B6A0-441A-94BC-36530941AE5A}.Debug|Any CPU.Build.0 = Debug|Any CPU
		{A0218198-B6A0-441A-94BC-36530941AE5A}.Release|Any CPU.ActiveCfg = Release|Any CPU
		{A0218198-B6A0-441A-94BC-36530941AE5A}.Release|Any CPU.Build.0 = Release|Any CPU
	EndGlobalSection
	GlobalSection(SolutionProperties) = preSolution
		HideSolutionNode = FALSE
	EndGlobalSection
	GlobalSection(NestedProjects) = preSolution
		{A0218198-B6A0-441A-94BC-36530941AE5A} = {D49FE27D-26D4-4889-9EE3-0CE1B35DD496}
	EndGlobalSection
	GlobalSection(ExtensibilityGlobals) = postSolution
		SolutionGuid = {225476C6-75EF-452E-9E81-42061986219F}
	EndGlobalSection
EndGlobal
